
Microsoft Visual Studio Solution File, Format Version 12.00
# Visual Studio Version 17
VisualStudioVersion = 17.5.33516.290
MinimumVisualStudioVersion = 10.0.40219.1
Project("{FAE04EC0-301F-11D3-BF4B-00C04F79EFBC}") = "SimpleEmailApp", "SimpleEmailApp\SimpleEmailApp.csproj", "{F981CAC8-AB2A-4064-962A-469E2F706FB3}"
EndProject
Global
	GlobalSection(SolutionConfigurationPlatforms) = preSolution
		Debug|Any CPU = Debug|Any CPU
		Release|Any CPU = Release|Any CPU
	EndGlobalSection
	GlobalSection(ProjectConfigurationPlatforms) = postSolution
		{F981CAC8-AB2A-4064-962A-469E2F706FB3}.Debug|Any CPU.ActiveCfg = Debug|Any CPU
		{F981CAC8-AB2A-4064-962A-469E2F706FB3}.Debug|Any CPU.Build.0 = Debug|Any CPU
		{F981CAC8-AB2A-4064-962A-469E2F706FB3}.Release|Any CPU.ActiveCfg = Release|Any CPU
		{F981CAC8-AB2A-4064-962A-469E2F706FB3}.Release|Any CPU.Build.0 = Release|Any CPU
	EndGlobalSection
	GlobalSection(SolutionProperties) = preSolution
		HideSolutionNode = FALSE
	EndGlobalSection
	GlobalSection(ExtensibilityGlobals) = postSolution
		SolutionGuid = {C4B02325-0143-4027-A90F-5D483B3D0298}
	EndGlobalSection
EndGlobal
